PODS:
  - Bolts/Tasks (1.9.0)
  - Parse (1.16.0):
    - Parse/Core (= 1.16.0)
  - Parse/Core (1.16.0):
    - Bolts/Tasks (~> 1.9)

DEPENDENCIES:
  - Parse

SPEC CHECKSUMS:
  Bolts: ac6567323eac61e203f6a9763667d0f711be34c8
  Parse: 5b36dc2c2f0a2fd82a257ae018bc3d68cf2c24e7

PODFILE CHECKSUM: a05a9fe7080c4f8293346c2cf39beaa141a111e3

COCOAPODS: 1.4.0
